
Microsoft Visual Studio Solution File, Format Version 12.00
# Visual Studio Version 18
VisualStudioVersion = 18.0.11205.157
MinimumVisualStudioVersion = 10.0.40219.1
Project("{8BC9CEB8-8B4A-11D0-8D11-00A0C91BC942}") = "Basiskurs", "Basiskurs\Basiskurs.vcxproj", "{C9608370-20B6-4821-A315-FFE1482E2983}"
EndProject
Global
	GlobalSection(SolutionConfigurationPlatforms) = preSolution
		Woche01|x64 = Woche01|x64
		Woche01|x86 = Woche01|x86
		Woche02|x64 = Woche02|x64
		Woche02|x86 = Woche02|x86
		Woche03|x64 = Woche03|x64
		Woche03|x86 = Woche03|x86
		Woche04|x64 = Woche04|x64
		Woche04|x86 = Woche04|x86
		Woche05|x64 = Woche05|x64
		Woche05|x86 = Woche05|x86
		Woche06|x64 = Woche06|x64
		Woche06|x86 = Woche06|x86
		Woche07|x64 = Woche07|x64
		Woche07|x86 = Woche07|x86
	EndGlobalSection
	GlobalSection(ProjectConfigurationPlatforms) = postSolution
		{C9608370-20B6-4821-A315-FFE1482E2983}.Woche01|x64.ActiveCfg = Woche01|x64
		{C9608370-20B6-4821-A315-FFE1482E2983}.Woche01|x64.Build.0 = Woche01|x64
		{C9608370-20B6-4821-A315-FFE1482E2983}.Woche01|x86.ActiveCfg = Woche01|Win32
		{C9608370-20B6-4821-A315-FFE1482E2983}.Woche01|x86.Build.0 = Woche01|Win32
		{C9608370-20B6-4821-A315-FFE1482E2983}.Woche02|x64.ActiveCfg = Woche02|x64
		{C9608370-20B6-4821-A315-FFE1482E2983}.Woche02|x64.Build.0 = Woche02|x64
		{C9608370-20B6-4821-A315-FFE1482E2983}.Woche02|x86.ActiveCfg = Woche02|Win32
		{C9608370-20B6-4821-A315-FFE1482E2983}.Woche02|x86.Build.0 = Woche02|Win32
		{C9608370-20B6-4821-A315-FFE1482E2983}.Woche03|x64.ActiveCfg = Woche03|x64
		{C9608370-20B6-4821-A315-FFE1482E2983}.Woche03|x64.Build.0 = Woche03|x64
		{C9608370-20B6-4821-A315-FFE1482E2983}.Woche03|x86.ActiveCfg = Woche03|Win32
		{C9608370-20B6-4821-A315-FFE1482E2983}.Woche03|x86.Build.0 = Woche03|Win32
		{C9608370-20B6-4821-A315-FFE1482E2983}.Woche04|x64.ActiveCfg = Woche04|x64
		{C9608370-20B6-4821-A315-FFE1482E2983}.Woche04|x64.Build.0 = Woche04|x64
		{C9608370-20B6-4821-A315-FFE1482E2983}.Woche04|x86.ActiveCfg = Woche04|Win32
		{C9608370-20B6-4821-A315-FFE1482E2983}.Woche04|x86.Build.0 = Woche04|Win32
		{C9608370-20B6-4821-A315-FFE1482E2983}.Woche05|x64.ActiveCfg = Woche05|x64
		{C9608370-20B6-4821-A315-FFE1482E2983}.Woche05|x64.Build.0 = Woche05|x64
		{C9608370-20B6-4821-A315-FFE1482E2983}.Woche05|x86.ActiveCfg = Woche05|Win32
		{C9608370-20B6-4821-A315-FFE1482E2983}.Woche05|x86.Build.0 = Woche05|Win32
		{C9608370-20B6-4821-A315-FFE1482E2983}.Woche06|x64.ActiveCfg = Woche06|x64
		{C9608370-20B6-4821-A315-FFE1482E2983}.Woche06|x64.Build.0 = Woche06|x64
		{C9608370-20B6-4821-A315-FFE1482E2983}.Woche06|x86.ActiveCfg = Woche06|Win32
		{C9608370-20B6-4821-A315-FFE1482E2983}.Woche06|x86.Build.0 = Woche06|Win32
		{C9608370-20B6-4821-A315-FFE1482E2983}.Woche07|x64.ActiveCfg = Woche07|x64
		{C9608370-20B6-4821-A315-FFE1482E2983}.Woche07|x64.Build.0 = Woche07|x64
		{C9608370-20B6-4821-A315-FFE1482E2983}.Woche07|x86.ActiveCfg = Woche07|Win32
		{C9608370-20B6-4821-A315-FFE1482E2983}.Woche07|x86.Build.0 = Woche07|Win32
	EndGlobalSection
	GlobalSection(SolutionProperties) = preSolution
		HideSolutionNode = FALSE
	EndGlobalSection
	GlobalSection(ExtensibilityGlobals) = postSolution
		SolutionGuid = {E220EC50-4020-4D2C-922B-B75367BF6ABB}
	EndGlobalSection
EndGlobal
