<?xml version="1.0" encoding="utf-8"?>
<Project ToolsVersion="4.0" xmlns="http://schemas.microsoft.com/developer/msbuild/2003">
  <ItemGroup>
    <Filter Include="Source Files">
      <UniqueIdentifier>{4FC737F1-C7A5-4376-A066-2A32D752A2FF}</UniqueIdentifier>
      <Extensions>cpp;c;cc;cxx;c++;cppm;ixx;def;odl;idl;hpj;bat;asm;asmx</Extensions>
    </Filter>
    <Filter Include="Header Files">
      <UniqueIdentifier>{93995380-89BD-4b04-88EB-625FBE52EBFB}</UniqueIdentifier>
      <Extensions>h;hh;hpp;hxx;h++;hm;inl;inc;ipp;xsd</Extensions>
    </Filter>
    <Filter Include="Resource Files">
      <UniqueIdentifier>{67DA6AB6-F800-4c08-8B7A-83BB121AAD01}</UniqueIdentifier>
      <Extensions>rc;ico;cur;bmp;dlg;rc2;rct;bin;rgs;gif;jpg;jpeg;jpe;resx;tiff;tif;png;wav;mfcribbon-ms</Extensions>
    </Filter>
    <Filter Include="Source Files\Woche01">
      <UniqueIdentifier>{80086095-9a67-452e-96dc-f565af4e5485}</UniqueIdentifier>
    </Filter>
    <Filter Include="Source Files\Woche01\Aufgaben">
      <UniqueIdentifier>{57fbd1d6-b9ee-4a93-ab86-a37d56a8d03d}</UniqueIdentifier>
    </Filter>
    <Filter Include="Source Files\Woche01\Beispiele">
      <UniqueIdentifier>{5ceca111-0faa-42c2-b879-eba7a850659b}</UniqueIdentifier>
    </Filter>
    <Filter Include="Source Files\Woche02">
      <UniqueIdentifier>{ccaf2acc-eda0-40ac-9c0a-df6ab4c5725e}</UniqueIdentifier>
    </Filter>
    <Filter Include="Source Files\Woche02\Aufgaben">
      <UniqueIdentifier>{c0b98e03-601b-4dbf-8bbb-cc34e8353f8d}</UniqueIdentifier>
    </Filter>
    <Filter Include="Source Files\Woche02\Beispiele">
      <UniqueIdentifier>{4b456e49-d6b1-4cc2-8100-bdcd7312cb5d}</UniqueIdentifier>
    </Filter>
    <Filter Include="Source Files\Woche02\Beispiele\src">
      <UniqueIdentifier>{39f81a62-ac76-4c5a-a1a9-b0e328d8e2bb}</UniqueIdentifier>
    </Filter>
    <Filter Include="Source Files\Woche02\Aufgaben\dynlib">
      <UniqueIdentifier>{bf090d9e-05a7-41b8-8deb-b59310b65d06}</UniqueIdentifier>
    </Filter>
    <Filter Include="Source Files\Woche02\Aufgaben\dynlib\lib">
      <UniqueIdentifier>{25c346a6-cf07-4825-8252-3442b512df2b}</UniqueIdentifier>
    </Filter>
    <Filter Include="Source Files\Woche02\Aufgaben\dynlib\include">
      <UniqueIdentifier>{c8fd4d78-0d2b-4705-86a0-b8ac42ae6910}</UniqueIdentifier>
    </Filter>
    <Filter Include="Source Files\Woche02\Aufgaben\staticlib">
      <UniqueIdentifier>{a2dc2e92-b497-406b-9863-daecc08d9dda}</UniqueIdentifier>
    </Filter>
    <Filter Include="Source Files\Woche02\Aufgaben\staticlib\include">
      <UniqueIdentifier>{7b926b09-7c1b-4d33-b77e-8ca1d422f34e}</UniqueIdentifier>
    </Filter>
    <Filter Include="Source Files\Woche02\Aufgaben\staticlib\lib">
      <UniqueIdentifier>{ab33eab9-1e66-47f7-92e0-154c300ea630}</UniqueIdentifier>
    </Filter>
    <Filter Include="Source Files\Woche03">
      <UniqueIdentifier>{980553fb-f838-4014-bb01-3576fab22fdd}</UniqueIdentifier>
    </Filter>
    <Filter Include="Source Files\Woche03\Aufgaben">
      <UniqueIdentifier>{76347540-3ce5-423d-931b-e43fb2cd2dc3}</UniqueIdentifier>
    </Filter>
    <Filter Include="Source Files\Woche03\Beispiele">
      <UniqueIdentifier>{422aa6e8-16f3-47bc-b6a3-61e402feed2e}</UniqueIdentifier>
    </Filter>
    <Filter Include="Source Files\Woche02\Aufgaben\src">
      <UniqueIdentifier>{48f8638e-6da9-49bc-9ba6-060d990a2597}</UniqueIdentifier>
    </Filter>
    <Filter Include="Source Files\Woche04">
      <UniqueIdentifier>{c725185c-43a5-4dad-ba73-e638fbfd4fff}</UniqueIdentifier>
    </Filter>
    <Filter Include="Source Files\Woche04\Aufgaben">
      <UniqueIdentifier>{e3dbff26-d878-416b-8e16-42366ab49377}</UniqueIdentifier>
    </Filter>
    <Filter Include="Source Files\Woche04\Beispiele">
      <UniqueIdentifier>{b7ddd343-eb62-40de-8e3a-78aef67d3ea7}</UniqueIdentifier>
    </Filter>
    <Filter Include="Source Files\Woche05">
      <UniqueIdentifier>{fe38f7a7-8d72-49b5-9715-41a6ed9f2408}</UniqueIdentifier>
    </Filter>
    <Filter Include="Source Files\Woche05\Aufgaben">
      <UniqueIdentifier>{f16e425d-c055-4a5f-8a67-0a46ec8e4e68}</UniqueIdentifier>
    </Filter>
    <Filter Include="Source Files\Woche05\Beispiele">
      <UniqueIdentifier>{aaeedee1-da0d-4a83-86f3-57e088ab0991}</UniqueIdentifier>
    </Filter>
    <Filter Include="Source Files\Woche06">
      <UniqueIdentifier>{42c61fd7-3dfa-4510-8c8c-ca6f27f90ac4}</UniqueIdentifier>
    </Filter>
    <Filter Include="Source Files\Woche06\Aufgaben">
      <UniqueIdentifier>{6006bdf4-a6e8-4ffc-aa72-56c00cbc4ecb}</UniqueIdentifier>
    </Filter>
    <Filter Include="Source Files\Woche06\Beispiele">
      <UniqueIdentifier>{e1c115fb-84e7-4bee-a249-a9c8462073f4}</UniqueIdentifier>
    </Filter>
    <Filter Include="Source Files\Woche07">
      <UniqueIdentifier>{f27b6f0a-f52c-4f9a-ad87-045f7d09f6ca}</UniqueIdentifier>
    </Filter>
    <Filter Include="Source Files\Woche07\Aufgaben">
      <UniqueIdentifier>{ce927c4b-753f-44c8-ba96-f5319467a1e0}</UniqueIdentifier>
    </Filter>
    <Filter Include="Source Files\Woche07\Beispiele">
      <UniqueIdentifier>{f442c337-572e-44fa-8a23-96e180859668}</UniqueIdentifier>
    </Filter>
    <Filter Include="Source Files\Woche08">
      <UniqueIdentifier>{94b861af-4f59-46a6-8ad1-182d3b8adff9}</UniqueIdentifier>
    </Filter>
    <Filter Include="Source Files\Woche08\Aufgaben">
      <UniqueIdentifier>{48ce5843-dbe3-49cf-94a3-1314bd6178a3}</UniqueIdentifier>
    </Filter>
    <Filter Include="Source Files\Woche08\Beispiele">
      <UniqueIdentifier>{58c8813b-9f0f-4f23-b718-4404e429202f}</UniqueIdentifier>
    </Filter>
  </ItemGroup>
  <ItemGroup>
    <ClCompile Include="Woche01\Aufgaben\Aufgabe01.cpp">
      <Filter>Source Files\Woche01\Aufgaben</Filter>
    </ClCompile>
    <ClCompile Include="Woche01\Beispiele\AverageBerechnung.cpp">
      <Filter>Source Files\Woche01\Beispiele</Filter>
    </ClCompile>
    <ClCompile Include="Woche01\Beispiele\Fakultät.cpp">
      <Filter>Source Files\Woche01\Beispiele</Filter>
    </ClCompile>
    <ClCompile Include="Woche01\Beispiele\FakultätFunktion.cpp">
      <Filter>Source Files\Woche01\Beispiele</Filter>
    </ClCompile>
    <ClCompile Include="Woche01\Beispiele\FigurFlächeUmfangCalc.cpp">
      <Filter>Source Files\Woche01\Beispiele</Filter>
    </ClCompile>
    <ClCompile Include="Woche01\Beispiele\HalbwertszeitFunktionen.cpp">
      <Filter>Source Files\Woche01\Beispiele</Filter>
    </ClCompile>
    <ClCompile Include="Woche01\Beispiele\KleinsterTeiler.cpp">
      <Filter>Source Files\Woche01\Beispiele</Filter>
    </ClCompile>
    <ClCompile Include="Woche01\Beispiele\KostenStromverbrauch.cpp">
      <Filter>Source Files\Woche01\Beispiele</Filter>
    </ClCompile>
    <ClCompile Include="Woche01\Beispiele\ListArraySortieren.cpp">
      <Filter>Source Files\Woche01\Beispiele</Filter>
    </ClCompile>
    <ClCompile Include="Woche01\Beispiele\PotenzwertZahl.cpp">
      <Filter>Source Files\Woche01\Beispiele</Filter>
    </ClCompile>
    <ClCompile Include="Woche01\Beispiele\PrimzahlenBestimmen.cpp">
      <Filter>Source Files\Woche01\Beispiele</Filter>
    </ClCompile>
    <ClCompile Include="Woche01\Beispiele\Quersumme.cpp">
      <Filter>Source Files\Woche01\Beispiele</Filter>
    </ClCompile>
    <ClCompile Include="Woche01\Beispiele\QuersummeFunktion.cpp">
      <Filter>Source Files\Woche01\Beispiele</Filter>
    </ClCompile>
    <ClCompile Include="Woche01\Beispiele\ZiffernVertauscher.cpp">
      <Filter>Source Files\Woche01\Beispiele</Filter>
    </ClCompile>
    <ClCompile Include="Woche01\Main.cpp">
      <Filter>Source Files\Woche01</Filter>
    </ClCompile>
    <ClCompile Include="Woche01\Aufgaben\Aufgabe02.cpp">
      <Filter>Source Files\Woche01\Aufgaben</Filter>
    </ClCompile>
    <ClCompile Include="Woche01\Aufgaben\Aufgabe03.cpp">
      <Filter>Source Files\Woche01\Aufgaben</Filter>
    </ClCompile>
    <ClCompile Include="Woche01\Aufgaben\Aufgabe04.cpp">
      <Filter>Source Files\Woche01\Aufgaben</Filter>
    </ClCompile>
    <ClCompile Include="Woche01\Aufgaben\Aufgabe05.cpp">
      <Filter>Source Files\Woche01\Aufgaben</Filter>
    </ClCompile>
    <ClCompile Include="Woche01\Aufgaben\Aufgabe06.cpp">
      <Filter>Source Files\Woche01\Aufgaben</Filter>
    </ClCompile>
    <ClCompile Include="Woche01\Aufgaben\Aufgabe07.cpp">
      <Filter>Source Files\Woche01\Aufgaben</Filter>
    </ClCompile>
    <ClCompile Include="Woche02\Beispiele\LedUmschaltung.cpp">
      <Filter>Source Files\Woche02\Beispiele</Filter>
    </ClCompile>
    <ClCompile Include="Woche02\Aufgaben\Aufgabe01-dyn.cpp">
      <Filter>Source Files\Woche02\Aufgaben</Filter>
    </ClCompile>
    <ClCompile Include="Woche02\Main.cpp">
      <Filter>Source Files\Woche02</Filter>
    </ClCompile>
    <ClCompile Include="Woche02\Beispiele\src\BinaryFunktionen .c">
      <Filter>Source Files\Woche02\Beispiele\src</Filter>
    </ClCompile>
    <ClCompile Include="Woche02\Beispiele\Roboterturnier.cpp">
      <Filter>Source Files\Woche02\Beispiele</Filter>
    </ClCompile>
    <ClCompile Include="Woche02\Beispiele\src\TurnierFunktionen.c">
      <Filter>Source Files\Woche02\Beispiele\src</Filter>
    </ClCompile>
    <ClCompile Include="Woche02\Beispiele\ZahlenTauschPointer.cpp">
      <Filter>Source Files\Woche02\Beispiele</Filter>
    </ClCompile>
    <ClCompile Include="Woche02\Aufgaben\Aufgabe01-static.cpp">
      <Filter>Source Files\Woche02\Aufgaben</Filter>
    </ClCompile>
    <ClCompile Include="Woche02\Aufgaben\Aufgabe02.cpp">
      <Filter>Source Files\Woche02\Aufgaben</Filter>
    </ClCompile>
    <ClCompile Include="Woche02\Aufgaben\Aufgabe03.cpp">
      <Filter>Source Files\Woche02\Aufgaben</Filter>
    </ClCompile>
    <ClCompile Include="Woche02\Aufgaben\Aufgabe04.cpp">
      <Filter>Source Files\Woche02\Aufgaben</Filter>
    </ClCompile>
    <ClCompile Include="Woche02\Aufgaben\Aufgabe05.cpp">
      <Filter>Source Files\Woche02\Aufgaben</Filter>
    </ClCompile>
    <ClCompile Include="Woche02\Aufgaben\Aufgabe06.cpp">
      <Filter>Source Files\Woche02\Aufgaben</Filter>
    </ClCompile>
    <ClCompile Include="Woche02\Aufgaben\Aufgabe07.cpp">
      <Filter>Source Files\Woche02\Aufgaben</Filter>
    </ClCompile>
    <ClCompile Include="Woche03\Main.cpp">
      <Filter>Source Files\Woche03</Filter>
    </ClCompile>
    <ClCompile Include="Woche03\Aufgaben\Aufgabe01.cpp">
      <Filter>Source Files\Woche03\Aufgaben</Filter>
    </ClCompile>
    <ClCompile Include="Woche03\Beispiele\DynSpeicherallozierung.cpp">
      <Filter>Source Files\Woche03\Beispiele</Filter>
    </ClCompile>
    <ClCompile Include="Woche02\Aufgaben\src\binaryIO.c">
      <Filter>Source Files\Woche02\Aufgaben\src</Filter>
    </ClCompile>
    <ClCompile Include="Woche03\Beispiele\AsciiZeichenErmittellnOld.cpp">
      <Filter>Source Files\Woche03\Beispiele</Filter>
    </ClCompile>
    <ClCompile Include="Woche03\Beispiele\AsciiZeichenErmittelln.cpp">
      <Filter>Source Files\Woche03\Beispiele</Filter>
    </ClCompile>
    <ClCompile Include="Woche03\Beispiele\VermutungLieblingsfrucht.cpp">
      <Filter>Source Files\Woche03\Beispiele</Filter>
    </ClCompile>
    <ClCompile Include="Woche03\Beispiele\StringLaengeErmitteln.cpp">
      <Filter>Source Files\Woche03\Beispiele</Filter>
    </ClCompile>
    <ClCompile Include="Woche03\Beispiele\Palidrom.cpp">
      <Filter>Source Files\Woche03\Beispiele</Filter>
    </ClCompile>
    <ClCompile Include="Woche03\Beispiele\GrossInKleinbuchstaben.cpp">
      <Filter>Source Files\Woche03\Beispiele</Filter>
    </ClCompile>
    <ClCompile Include="Woche03\Beispiele\FileZahlenEinlesenArray.cpp">
      <Filter>Source Files\Woche03\Beispiele</Filter>
    </ClCompile>
    <ClCompile Include="Woche03\Beispiele\FileEinlesenUndKlonen.cpp">
      <Filter>Source Files\Woche03\Beispiele</Filter>
    </ClCompile>
    <ClCompile Include="Woche03\Beispiele\FileStringsEinlesenInArraySpeichern.cpp">
      <Filter>Source Files\Woche03\Beispiele</Filter>
    </ClCompile>
    <ClCompile Include="Woche03\Beispiele\ZufallszahlenInArray.cpp">
      <Filter>Source Files\Woche03\Beispiele</Filter>
    </ClCompile>
    <ClCompile Include="Woche04\Main.cpp">
      <Filter>Source Files\Woche04</Filter>
    </ClCompile>
    <ClCompile Include="Woche04\Beispiele\GrossbuchstabenAuswerten.cpp">
      <Filter>Source Files\Woche04\Beispiele</Filter>
    </ClCompile>
    <ClCompile Include="Woche04\Aufgaben\Aufgabe01.cpp">
      <Filter>Source Files\Woche04\Aufgaben</Filter>
    </ClCompile>
    <ClCompile Include="Woche03\Aufgaben\Aufgabe02.cpp">
      <Filter>Source Files\Woche03\Aufgaben</Filter>
    </ClCompile>
    <ClCompile Include="Woche03\Aufgaben\Aufgabe03.cpp">
      <Filter>Source Files\Woche03\Aufgaben</Filter>
    </ClCompile>
    <ClCompile Include="Woche03\Aufgaben\Aufgabe04.cpp">
      <Filter>Source Files\Woche03\Aufgaben</Filter>
    </ClCompile>
    <ClCompile Include="Woche04\Beispiele\RepeatStringFunktion.cpp">
      <Filter>Source Files\Woche04\Beispiele</Filter>
    </ClCompile>
    <ClCompile Include="Woche04\Beispiele\GreaterVektorFunktion.cpp">
      <Filter>Source Files\Woche04\Beispiele</Filter>
    </ClCompile>
    <ClCompile Include="Woche04\Beispiele\VektorVerschieben.cpp">
      <Filter>Source Files\Woche04\Beispiele</Filter>
    </ClCompile>
    <ClCompile Include="Woche04\Beispiele\NamspacesExamples.cpp">
      <Filter>Source Files\Woche04\Beispiele</Filter>
    </ClCompile>
    <ClCompile Include="Woche04\Beispiele\CustomRealloc.cpp">
      <Filter>Source Files\Woche04\Beispiele</Filter>
    </ClCompile>
    <ClCompile Include="Woche04\Beispiele\StrukturRoboter.cpp">
      <Filter>Source Files\Woche04\Beispiele</Filter>
    </ClCompile>
    <ClCompile Include="Woche04\Beispiele\DatenstrukturVerknüpfung.cpp">
      <Filter>Source Files\Woche04\Beispiele</Filter>
    </ClCompile>
    <ClCompile Include="Woche04\Beispiele\WortZensierung.cpp">
      <Filter>Source Files\Woche04\Beispiele</Filter>
    </ClCompile>
    <ClCompile Include="Woche05\Main.cpp">
      <Filter>Source Files\Woche05</Filter>
    </ClCompile>
    <ClCompile Include="Woche05\Beispiele\EinfacherKonstruktor.cpp">
      <Filter>Source Files\Woche05\Beispiele</Filter>
    </ClCompile>
    <ClCompile Include="Woche05\Aufgaben\AufgabeUno.cpp">
      <Filter>Source Files\Woche05\Aufgaben</Filter>
    </ClCompile>
    <ClCompile Include="Woche04\Aufgaben\Aufgabe02.cpp">
      <Filter>Source Files\Woche04\Aufgaben</Filter>
    </ClCompile>
    <ClCompile Include="Woche04\Aufgaben\Aufgabe03.cpp">
      <Filter>Source Files\Woche04\Aufgaben</Filter>
    </ClCompile>
    <ClCompile Include="Woche04\Aufgaben\Aufgabe04.cpp">
      <Filter>Source Files\Woche04\Aufgaben</Filter>
    </ClCompile>
    <ClCompile Include="Woche05\Beispiele\Kopierkonstruktor.cpp">
      <Filter>Source Files\Woche05\Beispiele</Filter>
    </ClCompile>
    <ClCompile Include="Woche05\Beispiele\Parameterkonstruktor.cpp">
      <Filter>Source Files\Woche05\Beispiele</Filter>
    </ClCompile>
    <ClCompile Include="Woche05\Beispiele\StudentFunktion.cpp">
      <Filter>Source Files\Woche05\Beispiele</Filter>
    </ClCompile>
    <ClCompile Include="Woche05\Beispiele\Reiskocher.cpp">
      <Filter>Source Files\Woche05\Beispiele</Filter>
    </ClCompile>
    <ClCompile Include="Woche05\Beispiele\AbstrakteKlassen.cpp">
      <Filter>Source Files\Woche05\Beispiele</Filter>
    </ClCompile>
    <ClCompile Include="Woche05\Beispiele\SensorAbstrakteKlassen.cpp">
      <Filter>Source Files\Woche05\Beispiele</Filter>
    </ClCompile>
    <ClCompile Include="Woche05\Beispiele\UniquePointer.cpp">
      <Filter>Source Files\Woche05\Beispiele</Filter>
    </ClCompile>
    <ClCompile Include="Woche05\Beispiele\StaticMethoden.cpp">
      <Filter>Source Files\Woche05\Beispiele</Filter>
    </ClCompile>
    <ClCompile Include="Woche05\Beispiele\BibliothekVerwaltung.cpp">
      <Filter>Source Files\Woche05\Beispiele</Filter>
    </ClCompile>
    <ClCompile Include="Woche05\Beispiele\OperatorOverloading.cpp">
      <Filter>Source Files\Woche05\Beispiele</Filter>
    </ClCompile>
    <ClCompile Include="Woche05\Beispiele\Textverwaltungssystem.cpp">
      <Filter>Source Files\Woche05\Beispiele</Filter>
    </ClCompile>
    <ClCompile Include="Woche06\Aufgaben\Aufgabe01.cpp">
      <Filter>Source Files\Woche06\Aufgaben</Filter>
    </ClCompile>
    <ClCompile Include="Woche06\Beispiele\VerketteteListenCStyle.cpp">
      <Filter>Source Files\Woche06\Beispiele</Filter>
    </ClCompile>
    <ClCompile Include="Woche06\Main.cpp">
      <Filter>Source Files\Woche06</Filter>
    </ClCompile>
    <ClCompile Include="Woche05\Aufgaben\Fightclub.cpp">
      <Filter>Source Files\Woche05\Aufgaben</Filter>
    </ClCompile>
    <ClCompile Include="Woche05\Aufgaben\Medienverwaltung.cpp">
      <Filter>Source Files\Woche05\Aufgaben</Filter>
    </ClCompile>
    <ClCompile Include="Woche06\Beispiele\VerketteteListenCPPStyle.cpp">
      <Filter>Source Files\Woche06\Beispiele</Filter>
    </ClCompile>
    <ClCompile Include="Woche07\Aufgaben\Aufgabe01.cpp">
      <Filter>Source Files\Woche07\Aufgaben</Filter>
    </ClCompile>
    <ClCompile Include="Woche07\Beispiele\PostfixPräfixÜberladung01.cpp">
      <Filter>Source Files\Woche07\Beispiele</Filter>
    </ClCompile>
    <ClCompile Include="Woche07\Beispiele\PostfixPräfixÜberladung04.cpp">
      <Filter>Source Files\Woche07\Beispiele</Filter>
    </ClCompile>
    <ClCompile Include="Woche07\Main.cpp">
      <Filter>Source Files\Woche07</Filter>
    </ClCompile>
    <ClCompile Include="Woche06\Beispiele\StackPopPush.cpp">
      <Filter>Source Files\Woche06\Beispiele</Filter>
    </ClCompile>
    <ClCompile Include="Woche06\Beispiele\StackPopPushStruct.cpp">
      <Filter>Source Files\Woche06\Beispiele</Filter>
    </ClCompile>
    <ClCompile Include="Woche06\Beispiele\StackPopPushStructV2.cpp">
      <Filter>Source Files\Woche06\Beispiele</Filter>
    </ClCompile>
    <ClCompile Include="Woche06\Beispiele\QueueMitArray.cpp">
      <Filter>Source Files\Woche06\Beispiele</Filter>
    </ClCompile>
    <ClCompile Include="Woche06\Beispiele\QueueMitKlasse.cpp">
      <Filter>Source Files\Woche06\Beispiele</Filter>
    </ClCompile>
    <ClCompile Include="Woche06\Beispiele\QueueMitLinkedLists.cpp">
      <Filter>Source Files\Woche06\Beispiele</Filter>
    </ClCompile>
    <ClCompile Include="Woche06\Beispiele\QueueMitLinkedListsV2.cpp">
      <Filter>Source Files\Woche06\Beispiele</Filter>
    </ClCompile>
    <ClCompile Include="Woche06\Beispiele\QueueStackPalidrom.cpp">
      <Filter>Source Files\Woche06\Beispiele</Filter>
    </ClCompile>
    <ClCompile Include="Woche06\Beispiele\QueueDrucker.cpp">
      <Filter>Source Files\Woche06\Beispiele</Filter>
    </ClCompile>
    <ClCompile Include="Woche06\Beispiele\VerketteteListenDoppeltCStyle.cpp">
      <Filter>Source Files\Woche06\Beispiele</Filter>
    </ClCompile>
    <ClCompile Include="Woche06\Beispiele\VerketteteListenBaum.cpp">
      <Filter>Source Files\Woche06\Beispiele</Filter>
    </ClCompile>
    <ClCompile Include="Woche06\Beispiele\VerketteteListenDoppeltVerbinden.cpp">
      <Filter>Source Files\Woche06\Beispiele</Filter>
    </ClCompile>
    <ClCompile Include="Woche06\Aufgaben\Aufgabe02.cpp">
      <Filter>Source Files\Woche06\Aufgaben</Filter>
    </ClCompile>
    <ClCompile Include="Woche06\Aufgaben\Aufgabe03.cpp">
      <Filter>Source Files\Woche06\Aufgaben</Filter>
    </ClCompile>
    <ClCompile Include="Woche06\Aufgaben\Aufgabe04.cpp">
      <Filter>Source Files\Woche06\Aufgaben</Filter>
    </ClCompile>
    <ClCompile Include="Woche08\Main.cpp">
      <Filter>Source Files\Woche08</Filter>
    </ClCompile>
    <ClCompile Include="Woche08\Aufgaben\Aufgabe01.cpp">
      <Filter>Source Files\Woche08\Aufgaben</Filter>
    </ClCompile>
    <ClCompile Include="Woche07\Beispiele\PostfixPräfixÜberladung02.cpp">
      <Filter>Source Files\Woche07\Beispiele</Filter>
    </ClCompile>
    <ClCompile Include="Woche07\Beispiele\PostfixPräfixÜberladung03.cpp">
      <Filter>Source Files\Woche07\Beispiele</Filter>
    </ClCompile>
    <ClCompile Include="Woche07\Beispiele\PostfixPräfixÜberladung05.cpp">
      <Filter>Source Files\Woche07\Beispiele</Filter>
    </ClCompile>
    <ClCompile Include="Woche07\Beispiele\PostfixPräfixÜberladung06.cpp">
      <Filter>Source Files\Woche07\Beispiele</Filter>
    </ClCompile>
    <ClCompile Include="Woche07\Beispiele\Templates01.cpp">
      <Filter>Source Files\Woche07\Beispiele</Filter>
    </ClCompile>
    <ClCompile Include="Woche07\Beispiele\Templates02.cpp">
      <Filter>Source Files\Woche07\Beispiele</Filter>
    </ClCompile>
    <ClCompile Include="Woche07\Beispiele\Templates03.cpp">
      <Filter>Source Files\Woche07\Beispiele</Filter>
    </ClCompile>
    <ClCompile Include="Woche07\Beispiele\Templates04.cpp">
      <Filter>Source Files\Woche07\Beispiele</Filter>
    </ClCompile>
    <ClCompile Include="Woche07\Beispiele\Templates05.cpp">
      <Filter>Source Files\Woche07\Beispiele</Filter>
    </ClCompile>
    <ClCompile Include="Woche07\Beispiele\Templates06.cpp">
      <Filter>Source Files\Woche07\Beispiele</Filter>
    </ClCompile>
    <ClCompile Include="Woche07\Beispiele\Templates07.cpp">
      <Filter>Source Files\Woche07\Beispiele</Filter>
    </ClCompile>
    <ClCompile Include="Woche07\Beispiele\Templates08-Fib.cpp">
      <Filter>Source Files\Woche07\Beispiele</Filter>
    </ClCompile>
    <ClCompile Include="Woche07\Beispiele\Files01.cpp">
      <Filter>Source Files\Woche07\Beispiele</Filter>
    </ClCompile>
    <ClCompile Include="Woche07\Beispiele\Files02.cpp">
      <Filter>Source Files\Woche07\Beispiele</Filter>
    </ClCompile>
    <ClCompile Include="Woche07\Beispiele\Files03.cpp">
      <Filter>Source Files\Woche07\Beispiele</Filter>
    </ClCompile>
    <ClCompile Include="Woche07\Beispiele\Files04.cpp">
      <Filter>Source Files\Woche07\Beispiele</Filter>
    </ClCompile>
    <ClCompile Include="Woche07\Beispiele\Files05.cpp">
      <Filter>Source Files\Woche07\Beispiele</Filter>
    </ClCompile>
    <ClCompile Include="Woche07\Beispiele\Files06.cpp">
      <Filter>Source Files\Woche07\Beispiele</Filter>
    </ClCompile>
    <ClCompile Include="Woche07\Beispiele\VectorIterator.cpp">
      <Filter>Source Files\Woche07\Beispiele</Filter>
    </ClCompile>
    <ClCompile Include="Woche07\Beispiele\VectorAufgabe01.cpp">
      <Filter>Source Files\Woche07\Beispiele</Filter>
    </ClCompile>
    <ClCompile Include="Woche07\Beispiele\VectorMatrixSpiel.cpp">
      <Filter>Source Files\Woche07\Beispiele</Filter>
    </ClCompile>
    <ClCompile Include="Woche08\Beispiele\Exception01.cpp">
      <Filter>Source Files\Woche08\Beispiele</Filter>
    </ClCompile>
    <ClCompile Include="Woche08\Beispiele\Exception02.cpp">
      <Filter>Source Files\Woche08\Beispiele</Filter>
    </ClCompile>
    <ClCompile Include="Woche08\Beispiele\BinaereSuche01.cpp">
      <Filter>Source Files\Woche08\Beispiele</Filter>
    </ClCompile>
    <ClCompile Include="Woche08\Beispiele\Linearesearch.cpp">
      <Filter>Source Files\Woche08\Beispiele</Filter>
    </ClCompile>
  </ItemGroup>
  <ItemGroup>
    <ClInclude Include="Woche02\Beispiele\src\BinaryFunktionen.h">
      <Filter>Source Files\Woche02\Beispiele\src</Filter>
    </ClInclude>
    <ClInclude Include="Woche02\Beispiele\src\TurnierFunktionen.h">
      <Filter>Source Files\Woche02\Beispiele\src</Filter>
    </ClInclude>
    <ClInclude Include="Woche02\Aufgaben\dynlib\include\geometrie.h">
      <Filter>Source Files\Woche02\Aufgaben\dynlib\include</Filter>
    </ClInclude>
    <ClInclude Include="Woche02\Aufgaben\staticlib\include\geometrieStatic.h">
      <Filter>Source Files\Woche02\Aufgaben\staticlib\include</Filter>
    </ClInclude>
    <ClInclude Include="Woche02\Aufgaben\src\binaryIO.h">
      <Filter>Source Files\Woche02\Aufgaben\src</Filter>
    </ClInclude>
  </ItemGroup>
  <ItemGroup>
    <Library Include="Woche02\Aufgaben\dynlib\lib\GeometrieLib.lib">
      <Filter>Source Files\Woche02\Aufgaben\dynlib\lib</Filter>
    </Library>
    <Library Include="Woche02\Aufgaben\staticlib\lib\GeometrieLibStatic.lib">
      <Filter>Source Files\Woche02\Aufgaben\staticlib\lib</Filter>
    </Library>
  </ItemGroup>
  <ItemGroup>
    <None Include="Woche02\Aufgaben\dynlib\GeometrieLib.dll">
      <Filter>Source Files\Woche02\Aufgaben\dynlib</Filter>
    </None>
  </ItemGroup>
</Project>